
Microsoft Visual Studio Solution File, Format Version 12.00
# Visual Studio Version 16
VisualStudioVersion = 25.0.1704.4
MinimumVisualStudioVersion = 10.0.40219.1
Project("{FAE04EC0-301F-11D3-BF4B-00C04F79EFBC}") = "API_to_Angular", "API_to_Angular\API_to_Angular.csproj", "{9910398B-FBAA-4A3B-BE90-EC6DC5FFBB6A}"
EndProject
Global
	GlobalSection(SolutionConfigurationPlatforms) = preSolution
		Debug|Any CPU = Debug|Any CPU
		Release|Any CPU = Release|Any CPU
	EndGlobalSection
	GlobalSection(ProjectConfigurationPlatforms) = postSolution
		{9910398B-FBAA-4A3B-BE90-EC6DC5FFBB6A}.Debug|Any CPU.ActiveCfg = Debug|Any CPU
		{9910398B-FBAA-4A3B-BE90-EC6DC5FFBB6A}.Debug|Any CPU.Build.0 = Debug|Any CPU
		{9910398B-FBAA-4A3B-BE90-EC6DC5FFBB6A}.Release|Any CPU.ActiveCfg = Release|Any CPU
		{9910398B-FBAA-4A3B-BE90-EC6DC5FFBB6A}.Release|Any CPU.Build.0 = Release|Any CPU
	EndGlobalSection
	GlobalSection(SolutionProperties) = preSolution
		HideSolutionNode = FALSE
	EndGlobalSection
	GlobalSection(ExtensibilityGlobals) = postSolution
		SolutionGuid = {C68C8440-7C5E-430B-AE11-9A94B203F719}
	EndGlobalSection
EndGlobal
